schema: '2.0'
stages:
  get_data:
    cmd: python src/get_data.py
    deps:
    - path: config/main.yaml
      md5: 8ffe9402c3e1685234e22d1babd2be68
      size: 34
    - path: src/get_data.py
      md5: 1d0dbd1013939df501a3913b55a40610
      size: 773
    outs:
    - path: data/raw
      md5: d584a92c2600547a4e33db0f42fc6ed9.dir
      size: 23309
      nfiles: 2
